
Microsoft Visual Studio Solution File, Format Version 12.00
# Visual Studio Version 17
VisualStudioVersion = 17.10.34928.147
MinimumVisualStudioVersion = 10.0.40219.1
Project("{FAE04EC0-301F-11D3-BF4B-00C04F79EFBC}") = "WebApp2", "WebApp2.csproj", "{FF74DBA3-88D3-4714-A7BC-026664A14C4A}"
EndProject
Global
	GlobalSection(SolutionConfigurationPlatforms) = preSolution
		Debug|Any CPU = Debug|Any CPU
		Release|Any CPU = Release|Any CPU
	EndGlobalSection
	GlobalSection(ProjectConfigurationPlatforms) = postSolution
		{FF74DBA3-88D3-4714-A7BC-026664A14C4A}.Debug|Any CPU.ActiveCfg = Debug|Any CPU
		{FF74DBA3-88D3-4714-A7BC-026664A14C4A}.Debug|Any CPU.Build.0 = Debug|Any CPU
		{FF74DBA3-88D3-4714-A7BC-026664A14C4A}.Release|Any CPU.ActiveCfg = Release|Any CPU
		{FF74DBA3-88D3-4714-A7BC-026664A14C4A}.Release|Any CPU.Build.0 = Release|Any CPU
	EndGlobalSection
	GlobalSection(SolutionProperties) = preSolution
		HideSolutionNode = FALSE
	EndGlobalSection
	GlobalSection(ExtensibilityGlobals) = postSolution
		SolutionGuid = {AFBDE8AE-422F-43C9-AD4B-9D0CAEA18112}
	EndGlobalSection
EndGlobal
